
Microsoft Visual Studio Solution File, Format Version 12.00
# Visual Studio Version 16
VisualStudioVersion = 16.0.30406.217
MinimumVisualStudioVersion = 10.0.40219.1
Project("{9A19103F-16F7-4668-BE54-9A1E7A4F7556}") = "Rest-with-json-linq", "Rest-with-json-linq.csproj", "{EF5823D2-7832-4526-9BD4-8B4E062F1427}"
EndProject
Project("{FAE04EC0-301F-11D3-BF4B-00C04F79EFBC}") = "QueryConsoleUI", "..\QueryConsoleUI\QueryConsoleUI.csproj", "{B788D54A-AE48-4CFF-8F9C-B0A9B8C7BFEF}"
EndProject
Global
	GlobalSection(SolutionConfigurationPlatforms) = preSolution
		Debug|Any CPU = Debug|Any CPU
		Release|Any CPU = Release|Any CPU
	EndGlobalSection
	GlobalSection(ProjectConfigurationPlatforms) = postSolution
		{EF5823D2-7832-4526-9BD4-8B4E062F1427}.Debug|Any CPU.ActiveCfg = Debug|Any CPU
		{EF5823D2-7832-4526-9BD4-8B4E062F1427}.Debug|Any CPU.Build.0 = Debug|Any CPU
		{EF5823D2-7832-4526-9BD4-8B4E062F1427}.Release|Any CPU.ActiveCfg = Release|Any CPU
		{EF5823D2-7832-4526-9BD4-8B4E062F1427}.Release|Any CPU.Build.0 = Release|Any CPU
		{B788D54A-AE48-4CFF-8F9C-B0A9B8C7BFEF}.Debug|Any CPU.ActiveCfg = Debug|Any CPU
		{B788D54A-AE48-4CFF-8F9C-B0A9B8C7BFEF}.Debug|Any CPU.Build.0 = Debug|Any CPU
		{B788D54A-AE48-4CFF-8F9C-B0A9B8C7BFEF}.Release|Any CPU.ActiveCfg = Release|Any CPU
		{B788D54A-AE48-4CFF-8F9C-B0A9B8C7BFEF}.Release|Any CPU.Build.0 = Release|Any CPU
	EndGlobalSection
	GlobalSection(SolutionProperties) = preSolution
		HideSolutionNode = FALSE
	EndGlobalSection
	GlobalSection(ExtensibilityGlobals) = postSolution
		SolutionGuid = {8A337643-0597-43DC-862A-85987F40F6F9}
	EndGlobalSection
EndGlobal
